PODS:
  - Alamofire (5.1.0)
  - Moya/Core (14.0.0):
    - Alamofire (~> 5.0)
  - Moya/RxSwift (14.0.0):
    - Moya/Core
    - RxSwift (~> 5.0)
  - RxAlamofire (5.2.0):
    - RxAlamofire/Core (= 5.2.0)
  - RxAlamofire/Core (5.2.0):
    - Alamofire (~> 5.1)
    - RxSwift (~> 5.1)
  - RxBlocking (5.1.1):
    - RxSwift (~> 5)
  - RxCocoa (5.1.1):
    - RxRelay (~> 5)
    - RxSwift (~> 5)
  - RxOptional (4.1.0):
    - RxCocoa (~> 5)
    - RxSwift (~> 5)
  - RxRelay (5.1.1):
    - RxSwift (~> 5)
  - RxSwift (5.1.1)
  - RxViewController (1.0.0):
    - RxCocoa (~> 5.0)
    - RxSwift (~> 5.0)

DEPENDENCIES:
  - Moya/RxSwift
  - RxAlamofire
  - RxBlocking
  - RxCocoa
  - RxOptional
  - RxSwift
  - RxViewController

SPEC REPOS:
  trunk:
    - Alamofire
    - Moya
    - RxAlamofire
    - RxBlocking
    - RxCocoa
    - RxOptional
    - RxRelay
    - RxSwift
    - RxViewController

SPEC CHECKSUMS:
  Alamofire: 9d5c5f602928e512395b30950c5984eca840093c
  Moya: 5b45dacb75adb009f97fde91c204c1e565d31916
  RxAlamofire: 878eb06baefd76df6062889be11592434e6c4a95
  RxBlocking: 5f700a78cad61ce253ebd37c9a39b5ccc76477b4
  RxCocoa: 32065309a38d29b5b0db858819b5bf9ef038b601
  RxOptional: b1fcd60856807a564c0215c2184b8d33e7826dc2
  RxRelay: d77f7d771495f43c556cbc43eebd1bb54d01e8e9
  RxSwift: 81470a2074fa8780320ea5fe4102807cb7118178
  RxViewController: 7330a46e5c31cd680db169da4c9fc8676e975a81

PODFILE CHECKSUM: 83be728d7181b6708aab678ee1770d536cb710f1

COCOAPODS: 1.9.1
