// !$*UTF8*$!
{
	archiveVersion = 1;
	classes = {
	};
	objectVersion = 51;
	objects = {

/* Begin PBXBuildFile section */
		641714789F153510B2352457 /* Pods_General_StoreTests.framework in Frameworks */ = {isa = PBXBuildFile; fileRef = 1F0B48700A220B55A3F08002 /* Pods_General_StoreTests.framework */; };
		B327DE91246EA9A700F029B9 /* NSCollectionView+Rx.swift in Sources */ = {isa = PBXBuildFile; fileRef = B327DE90246EA9A700F029B9 /* NSCollectionView+Rx.swift */; };
		B327DE93246EAA7200F029B9 /* RxCollectionViewReactiveArrayDataSource.swift in Sources */ = {isa = PBXBuildFile; fileRef = B327DE92246EAA7200F029B9 /* RxCollectionViewReactiveArrayDataSource.swift */; };
		B327DE95246EAE8700F029B9 /* RxCollectionViewDataSourceType.swift in Sources */ = {isa = PBXBuildFile; fileRef = B327DE94246EAE8700F029B9 /* RxCollectionViewDataSourceType.swift */; };
		B327DE97246EB03300F029B9 /* RxCocoa.swift in Sources */ = {isa = PBXBuildFile; fileRef = B327DE96246EB03300F029B9 /* RxCocoa.swift */; };
		B327DE99246EB24100F029B9 /* RxCollectionViewDataSourceProxy.swift in Sources */ = {isa = PBXBuildFile; fileRef = B327DE98246EB24100F029B9 /* RxCollectionViewDataSourceProxy.swift */; };
		B327DE9B246EB4A500F029B9 /* DelegateProxyType.swift in Sources */ = {isa = PBXBuildFile; fileRef = B327DE9A246EB4A500F029B9 /* DelegateProxyType.swift */; };
		B327DEBD246F778900F029B9 /* StoryboardSceneBased.swift in Sources */ = {isa = PBXBuildFile; fileRef = B327DEBB246F778800F029B9 /* StoryboardSceneBased.swift */; };
		B327DEBE246F778900F029B9 /* StoryboardBased.swift in Sources */ = {isa = PBXBuildFile; fileRef = B327DEBC246F778900F029B9 /* StoryboardBased.swift */; };
		B327DEC4246F788500F029B9 /* NibOwnerLoadable.swift in Sources */ = {isa = PBXBuildFile; fileRef = B327DEBF246F788400F029B9 /* NibOwnerLoadable.swift */; };
		B327DEC5246F788500F029B9 /* NSCollectionView+Reusable.swift in Sources */ = {isa = PBXBuildFile; fileRef = B327DEC0246F788400F029B9 /* NSCollectionView+Reusable.swift */; };
		B327DEC6246F788500F029B9 /* NibLoadable.swift in Sources */ = {isa = PBXBuildFile; fileRef = B327DEC1246F788400F029B9 /* NibLoadable.swift */; };
		B327DEC7246F788500F029B9 /* Reusable.swift in Sources */ = {isa = PBXBuildFile; fileRef = B327DEC2246F788500F029B9 /* Reusable.swift */; };
		B327DED3246F831700F029B9 /* CollectionViewCellWithDelegateFactory.swift in Sources */ = {isa = PBXBuildFile; fileRef = B327DECA246F831600F029B9 /* CollectionViewCellWithDelegateFactory.swift */; };
		B327DED4246F831700F029B9 /* Binding.swift in Sources */ = {isa = PBXBuildFile; fileRef = B327DECB246F831600F029B9 /* Binding.swift */; };
		B327DED5246F831700F029B9 /* CollectionViewCellsBinder.swift in Sources */ = {isa = PBXBuildFile; fileRef = B327DECC246F831600F029B9 /* CollectionViewCellsBinder.swift */; };
		B327DED6246F831700F029B9 /* CollectionViewCellFactoryBinder.swift in Sources */ = {isa = PBXBuildFile; fileRef = B327DECD246F831600F029B9 /* CollectionViewCellFactoryBinder.swift */; };
		B327DED7246F831700F029B9 /* Configurable.swift in Sources */ = {isa = PBXBuildFile; fileRef = B327DECE246F831600F029B9 /* Configurable.swift */; };
		B327DED8246F831700F029B9 /* CollectionViewCellFactory.swift in Sources */ = {isa = PBXBuildFile; fileRef = B327DECF246F831600F029B9 /* CollectionViewCellFactory.swift */; };
		B327DED9246F831700F029B9 /* Binder.swift in Sources */ = {isa = PBXBuildFile; fileRef = B327DED0246F831600F029B9 /* Binder.swift */; };
		B327DEDA246F831700F029B9 /* HasDelegate.swift in Sources */ = {isa = PBXBuildFile; fileRef = B327DED1246F831600F029B9 /* HasDelegate.swift */; };
		B327DEDB246F831700F029B9 /* NSCollectionView+Items.swift in Sources */ = {isa = PBXBuildFile; fileRef = B327DED2246F831600F029B9 /* NSCollectionView+Items.swift */; };
		B3467A32246D337200C03E8A /* AppDelegate.swift in Sources */ = {isa = PBXBuildFile; fileRef = B3467A31246D337200C03E8A /* AppDelegate.swift */; };
		B3467A34246D337200C03E8A /* BrewCaskListViewController.swift in Sources */ = {isa = PBXBuildFile; fileRef = B3467A33246D337200C03E8A /* BrewCaskListViewController.swift */; };
		B3467A36246D337500C03E8A /* Assets.xcassets in Resources */ = {isa = PBXBuildFile; fileRef = B3467A35246D337500C03E8A /* Assets.xcassets */; };
		B3467A39246D337500C03E8A /* Main.storyboard in Resources */ = {isa = PBXBuildFile; fileRef = B3467A37246D337500C03E8A /* Main.storyboard */; };
		B3467A45246D337500C03E8A /* General_StoreTests.swift in Sources */ = {isa = PBXBuildFile; fileRef = B3467A44246D337500C03E8A /* General_StoreTests.swift */; };
		B3467A50246D421000C03E8A /* CommandTask.swift in Sources */ = {isa = PBXBuildFile; fileRef = B3467A4F246D421000C03E8A /* CommandTask.swift */; };
		B3467A53246D439000C03E8A /* CommandTask+Rx.swift in Sources */ = {isa = PBXBuildFile; fileRef = B3467A52246D439000C03E8A /* CommandTask+Rx.swift */; };
		B3467A55246D47AD00C03E8A /* BrewCaskListViewModel.swift in Sources */ = {isa = PBXBuildFile; fileRef = B3467A54246D47AD00C03E8A /* BrewCaskListViewModel.swift */; };
		B3467A57246D48BB00C03E8A /* ObserverConvertible.swift in Sources */ = {isa = PBXBuildFile; fileRef = B3467A56246D48BB00C03E8A /* ObserverConvertible.swift */; };
		B3467A59246D4BBC00C03E8A /* ObservableTypeExtension.swift in Sources */ = {isa = PBXBuildFile; fileRef = B3467A58246D4BBC00C03E8A /* ObservableTypeExtension.swift */; };
		B3467A5C246D53F700C03E8A /* BrewCaskItem.swift in Sources */ = {isa = PBXBuildFile; fileRef = B3467A5A246D53F700C03E8A /* BrewCaskItem.swift */; };
		B3467A5D246D53F700C03E8A /* BrewCaskItem.xib in Resources */ = {isa = PBXBuildFile; fileRef = B3467A5B246D53F700C03E8A /* BrewCaskItem.xib */; };
		B3467A5F246D542300C03E8A /* BrewCaskItemModel.swift in Sources */ = {isa = PBXBuildFile; fileRef = B3467A5E246D542300C03E8A /* BrewCaskItemModel.swift */; };
		BFD47C1C148F79E721F161C0 /* Pods_General_Store.framework in Frameworks */ = {isa = PBXBuildFile; fileRef = 16B5711FF36A58C5353BFC86 /* Pods_General_Store.framework */; };
/* End PBXBuildFile section */

/* Begin PBXContainerItemProxy section */
		B3467A41246D337500C03E8A /* PBXContainerItemProxy */ = {
			isa = PBXContainerItemProxy;
			containerPortal = B3467A26246D337200C03E8A /* Project object */;
			proxyType = 1;
			remoteGlobalIDString = B3467A2D246D337200C03E8A;
			remoteInfo = "General Store";
		};
/* End PBXContainerItemProxy section */

/* Begin PBXFileReference section */
		16B5711FF36A58C5353BFC86 /* Pods_General_Store.framework */ = {isa = PBXFileReference; explicitFileType = wrapper.framework; includeInIndex = 0; path = Pods_General_Store.framework; sourceTree = BUILT_PRODUCTS_DIR; };
		1F0B48700A220B55A3F08002 /* Pods_General_StoreTests.framework */ = {isa = PBXFileReference; explicitFileType = wrapper.framework; includeInIndex = 0; path = Pods_General_StoreTests.framework; sourceTree = BUILT_PRODUCTS_DIR; };
		288D5C28CF8D2916B1FE68CC /* Pods-General Store.release.xcconfig */ = {isa = PBXFileReference; includeInIndex = 1; lastKnownFileType = text.xcconfig; name = "Pods-General Store.release.xcconfig"; path = "Target Support Files/Pods-General Store/Pods-General Store.release.xcconfig"; sourceTree = "<group>"; };
		7BBBD4944049F0A2D6FDCE9C /* Pods-General StoreTests.debug.xcconfig */ = {isa = PBXFileReference; includeInIndex = 1; lastKnownFileType = text.xcconfig; name = "Pods-General StoreTests.debug.xcconfig"; path = "Target Support Files/Pods-General StoreTests/Pods-General StoreTests.debug.xcconfig"; sourceTree = "<group>"; };
		9F93A2CFEB66613324C23D6F /* Pods-General StoreTests.release.xcconfig */ = {isa = PBXFileReference; includeInIndex = 1; lastKnownFileType = text.xcconfig; name = "Pods-General StoreTests.release.xcconfig"; path = "Target Support Files/Pods-General StoreTests/Pods-General StoreTests.release.xcconfig"; sourceTree = "<group>"; };
		B327DE90246EA9A700F029B9 /* NSCollectionView+Rx.swift */ = {isa = PBXFileReference; lastKnownFileType = sourcecode.swift; path = "NSCollectionView+Rx.swift"; sourceTree = "<group>"; };
		B327DE92246EAA7200F029B9 /* RxCollectionViewReactiveArrayDataSource.swift */ = {isa = PBXFileReference; lastKnownFileType = sourcecode.swift; path = RxCollectionViewReactiveArrayDataSource.swift; sourceTree = "<group>"; };
		B327DE94246EAE8700F029B9 /* RxCollectionViewDataSourceType.swift */ = {isa = PBXFileReference; lastKnownFileType = sourcecode.swift; path = RxCollectionViewDataSourceType.swift; sourceTree = "<group>"; };
		B327DE96246EB03300F029B9 /* RxCocoa.swift */ = {isa = PBXFileReference; lastKnownFileType = sourcecode.swift; path = RxCocoa.swift; sourceTree = "<group>"; };
		B327DE98246EB24100F029B9 /* RxCollectionViewDataSourceProxy.swift */ = {isa = PBXFileReference; lastKnownFileType = sourcecode.swift; path = RxCollectionViewDataSourceProxy.swift; sourceTree = "<group>"; };
		B327DE9A246EB4A500F029B9 /* DelegateProxyType.swift */ = {isa = PBXFileReference; lastKnownFileType = sourcecode.swift; path = DelegateProxyType.swift; sourceTree = "<group>"; };
		B327DEBB246F778800F029B9 /* StoryboardSceneBased.swift */ = {isa = PBXFileReference; fileEncoding = 4; lastKnownFileType = sourcecode.swift; path = StoryboardSceneBased.swift; sourceTree = "<group>"; };
		B327DEBC246F778900F029B9 /* StoryboardBased.swift */ = {isa = PBXFileReference; fileEncoding = 4; lastKnownFileType = sourcecode.swift; path = StoryboardBased.swift; sourceTree = "<group>"; };
		B327DEBF246F788400F029B9 /* NibOwnerLoadable.swift */ = {isa = PBXFileReference; fileEncoding = 4; lastKnownFileType = sourcecode.swift; path = NibOwnerLoadable.swift; sourceTree = "<group>"; };
		B327DEC0246F788400F029B9 /* NSCollectionView+Reusable.swift */ = {isa = PBXFileReference; fileEncoding = 4; lastKnownFileType = sourcecode.swift; path = "NSCollectionView+Reusable.swift"; sourceTree = "<group>"; };
		B327DEC1246F788400F029B9 /* NibLoadable.swift */ = {isa = PBXFileReference; fileEncoding = 4; lastKnownFileType = sourcecode.swift; path = NibLoadable.swift; sourceTree = "<group>"; };
		B327DEC2246F788500F029B9 /* Reusable.swift */ = {isa = PBXFileReference; fileEncoding = 4; lastKnownFileType = sourcecode.swift; path = Reusable.swift; sourceTree = "<group>"; };
		B327DECA246F831600F029B9 /* CollectionViewCellWithDelegateFactory.swift */ = {isa = PBXFileReference; fileEncoding = 4; lastKnownFileType = sourcecode.swift; path = CollectionViewCellWithDelegateFactory.swift; sourceTree = "<group>"; };
		B327DECB246F831600F029B9 /* Binding.swift */ = {isa = PBXFileReference; fileEncoding = 4; lastKnownFileType = sourcecode.swift; path = Binding.swift; sourceTree = "<group>"; };
		B327DECC246F831600F029B9 /* CollectionViewCellsBinder.swift */ = {isa = PBXFileReference; fileEncoding = 4; lastKnownFileType = sourcecode.swift; path = CollectionViewCellsBinder.swift; sourceTree = "<group>"; };
		B327DECD246F831600F029B9 /* CollectionViewCellFactoryBinder.swift */ = {isa = PBXFileReference; fileEncoding = 4; lastKnownFileType = sourcecode.swift; path = CollectionViewCellFactoryBinder.swift; sourceTree = "<group>"; };
		B327DECE246F831600F029B9 /* Configurable.swift */ = {isa = PBXFileReference; fileEncoding = 4; lastKnownFileType = sourcecode.swift; path = Configurable.swift; sourceTree = "<group>"; };
		B327DECF246F831600F029B9 /* CollectionViewCellFactory.swift */ = {isa = PBXFileReference; fileEncoding = 4; lastKnownFileType = sourcecode.swift; path = CollectionViewCellFactory.swift; sourceTree = "<group>"; };
		B327DED0246F831600F029B9 /* Binder.swift */ = {isa = PBXFileReference; fileEncoding = 4; lastKnownFileType = sourcecode.swift; path = Binder.swift; sourceTree = "<group>"; };
		B327DED1246F831600F029B9 /* HasDelegate.swift */ = {isa = PBXFileReference; fileEncoding = 4; lastKnownFileType = sourcecode.swift; path = HasDelegate.swift; sourceTree = "<group>"; };
		B327DED2246F831600F029B9 /* NSCollectionView+Items.swift */ = {isa = PBXFileReference; fileEncoding = 4; lastKnownFileType = sourcecode.swift; path = "NSCollectionView+Items.swift"; sourceTree = "<group>"; };
		B3467A2E246D337200C03E8A /* General Store.app */ = {isa = PBXFileReference; explicitFileType = wrapper.application; includeInIndex = 0; path = "General Store.app"; sourceTree = BUILT_PRODUCTS_DIR; };
		B3467A31246D337200C03E8A /* AppDelegate.swift */ = {isa = PBXFileReference; lastKnownFileType = sourcecode.swift; path = AppDelegate.swift; sourceTree = "<group>"; };
		B3467A33246D337200C03E8A /* BrewCaskListViewController.swift */ = {isa = PBXFileReference; lastKnownFileType = sourcecode.swift; path = BrewCaskListViewController.swift; sourceTree = "<group>"; };
		B3467A35246D337500C03E8A /* Assets.xcassets */ = {isa = PBXFileReference; lastKnownFileType = folder.assetcatalog; path = Assets.xcassets; sourceTree = "<group>"; };
		B3467A38246D337500C03E8A /* Base */ = {isa = PBXFileReference; lastKnownFileType = file.storyboard; name = Base; path = Base.lproj/Main.storyboard; sourceTree = "<group>"; };
		B3467A3A246D337500C03E8A /* Info.plist */ = {isa = PBXFileReference; lastKnownFileType = text.plist.xml; path = Info.plist; sourceTree = "<group>"; };
		B3467A3B246D337500C03E8A /* General_Store.entitlements */ = {isa = PBXFileReference; lastKnownFileType = text.plist.entitlements; path = General_Store.entitlements; sourceTree = "<group>"; };
		B3467A40246D337500C03E8A /* General StoreTests.xctest */ = {isa = PBXFileReference; explicitFileType = wrapper.cfbundle; includeInIndex = 0; path = "General StoreTests.xctest"; sourceTree = BUILT_PRODUCTS_DIR; };
		B3467A44246D337500C03E8A /* General_StoreTests.swift */ = {isa = PBXFileReference; lastKnownFileType = sourcecode.swift; path = General_StoreTests.swift; sourceTree = "<group>"; };
		B3467A46246D337500C03E8A /* Info.plist */ = {isa = PBXFileReference; lastKnownFileType = text.plist.xml; path = Info.plist; sourceTree = "<group>"; };
		B3467A4F246D421000C03E8A /* CommandTask.swift */ = {isa = PBXFileReference; lastKnownFileType = sourcecode.swift; path = CommandTask.swift; sourceTree = "<group>"; };
		B3467A52246D439000C03E8A /* CommandTask+Rx.swift */ = {isa = PBXFileReference; lastKnownFileType = sourcecode.swift; path = "CommandTask+Rx.swift"; sourceTree = "<group>"; };
		B3467A54246D47AD00C03E8A /* BrewCaskListViewModel.swift */ = {isa = PBXFileReference; lastKnownFileType = sourcecode.swift; path = BrewCaskListViewModel.swift; sourceTree = "<group>"; };
		B3467A56246D48BB00C03E8A /* ObserverConvertible.swift */ = {isa = PBXFileReference; lastKnownFileType = sourcecode.swift; path = ObserverConvertible.swift; sourceTree = "<group>"; };
		B3467A58246D4BBC00C03E8A /* ObservableTypeExtension.swift */ = {isa = PBXFileReference; fileEncoding = 4; lastKnownFileType = sourcecode.swift; path = ObservableTypeExtension.swift; sourceTree = "<group>"; };
		B3467A5A246D53F700C03E8A /* BrewCaskItem.swift */ = {isa = PBXFileReference; lastKnownFileType = sourcecode.swift; path = BrewCaskItem.swift; sourceTree = "<group>"; };
		B3467A5B246D53F700C03E8A /* BrewCaskItem.xib */ = {isa = PBXFileReference; lastKnownFileType = file.xib; path = BrewCaskItem.xib; sourceTree = "<group>"; };
		B3467A5E246D542300C03E8A /* BrewCaskItemModel.swift */ = {isa = PBXFileReference; lastKnownFileType = sourcecode.swift; path = BrewCaskItemModel.swift; sourceTree = "<group>"; };
		C34D95A76C20C691A9254F00 /* Pods-General Store.debug.xcconfig */ = {isa = PBXFileReference; includeInIndex = 1; lastKnownFileType = text.xcconfig; name = "Pods-General Store.debug.xcconfig"; path = "Target Support Files/Pods-General Store/Pods-General Store.debug.xcconfig"; sourceTree = "<group>"; };
/* End PBXFileReference section */

/* Begin PBXFrameworksBuildPhase section */
		B3467A2B246D337200C03E8A /* Frameworks */ = {
			isa = PBXFrameworksBuildPhase;
			buildActionMask = 2147483647;
			files = (
				BFD47C1C148F79E721F161C0 /* Pods_General_Store.framework in Frameworks */,
			);
			runOnlyForDeploymentPostprocessing = 0;
		};
		B3467A3D246D337500C03E8A /* Frameworks */ = {
			isa = PBXFrameworksBuildPhase;
			buildActionMask = 2147483647;
			files = (
				641714789F153510B2352457 /* Pods_General_StoreTests.framework in Frameworks */,
			);
			runOnlyForDeploymentPostprocessing = 0;
		};
/* End PBXFrameworksBuildPhase section */

/* Begin PBXGroup section */
		1F76E7F46667FF57D1A95923 /* Pods */ = {
			isa = PBXGroup;
			children = (
				C34D95A76C20C691A9254F00 /* Pods-General Store.debug.xcconfig */,
				288D5C28CF8D2916B1FE68CC /* Pods-General Store.release.xcconfig */,
				7BBBD4944049F0A2D6FDCE9C /* Pods-General StoreTests.debug.xcconfig */,
				9F93A2CFEB66613324C23D6F /* Pods-General StoreTests.release.xcconfig */,
			);
			path = Pods;
			sourceTree = "<group>";
		};
		23F00FA7B67A89A3057C387A /* Frameworks */ = {
			isa = PBXGroup;
			children = (
				16B5711FF36A58C5353BFC86 /* Pods_General_Store.framework */,
				1F0B48700A220B55A3F08002 /* Pods_General_StoreTests.framework */,
			);
			name = Frameworks;
			sourceTree = "<group>";
		};
		B327DEA0246EC25B00F029B9 /* NSCollectionView+Rx */ = {
			isa = PBXGroup;
			children = (
				B327DE90246EA9A700F029B9 /* NSCollectionView+Rx.swift */,
				B327DE94246EAE8700F029B9 /* RxCollectionViewDataSourceType.swift */,
				B327DE98246EB24100F029B9 /* RxCollectionViewDataSourceProxy.swift */,
				B327DE92246EAA7200F029B9 /* RxCollectionViewReactiveArrayDataSource.swift */,
				B327DE9A246EB4A500F029B9 /* DelegateProxyType.swift */,
				B327DE96246EB03300F029B9 /* RxCocoa.swift */,
			);
			path = "NSCollectionView+Rx";
			sourceTree = "<group>";
		};
		B327DEBA246F76E500F029B9 /* NSCollectionViewReusable */ = {
			isa = PBXGroup;
			children = (
				B327DEBC246F778900F029B9 /* StoryboardBased.swift */,
				B327DEBB246F778800F029B9 /* StoryboardSceneBased.swift */,
				B327DEC1246F788400F029B9 /* NibLoadable.swift */,
				B327DEBF246F788400F029B9 /* NibOwnerLoadable.swift */,
				B327DEC2246F788500F029B9 /* Reusable.swift */,
				B327DEC0246F788400F029B9 /* NSCollectionView+Reusable.swift */,
			);
			path = NSCollectionViewReusable;
			sourceTree = "<group>";
		};
		B327DEC9246F82F000F029B9 /* RxItems */ = {
			isa = PBXGroup;
			children = (
				B327DED0246F831600F029B9 /* Binder.swift */,
				B327DECB246F831600F029B9 /* Binding.swift */,
				B327DECF246F831600F029B9 /* CollectionViewCellFactory.swift */,
				B327DECD246F831600F029B9 /* CollectionViewCellFactoryBinder.swift */,
				B327DECC246F831600F029B9 /* CollectionViewCellsBinder.swift */,
				B327DECA246F831600F029B9 /* CollectionViewCellWithDelegateFactory.swift */,
				B327DECE246F831600F029B9 /* Configurable.swift */,
				B327DED1246F831600F029B9 /* HasDelegate.swift */,
				B327DED2246F831600F029B9 /* NSCollectionView+Items.swift */,
			);
			path = RxItems;
			sourceTree = "<group>";
		};
		B327DEDC246F854000F029B9 /* InApp Frameworks */ = {
			isa = PBXGroup;
			children = (
				B327DEBA246F76E500F029B9 /* NSCollectionViewReusable */,
				B327DEA0246EC25B00F029B9 /* NSCollectionView+Rx */,
				B327DEC9246F82F000F029B9 /* RxItems */,
			);
			path = "InApp Frameworks";
			sourceTree = "<group>";
		};
		B3467A25246D337200C03E8A = {
			isa = PBXGroup;
			children = (
				B3467A30246D337200C03E8A /* General Store */,
				B3467A43246D337500C03E8A /* General StoreTests */,
				B3467A2F246D337200C03E8A /* Products */,
				1F76E7F46667FF57D1A95923 /* Pods */,
				23F00FA7B67A89A3057C387A /* Frameworks */,
			);
			sourceTree = "<group>";
		};
		B3467A2F246D337200C03E8A /* Products */ = {
			isa = PBXGroup;
			children = (
				B3467A2E246D337200C03E8A /* General Store.app */,
				B3467A40246D337500C03E8A /* General StoreTests.xctest */,
			);
			name = Products;
			sourceTree = "<group>";
		};
		B3467A30246D337200C03E8A /* General Store */ = {
			isa = PBXGroup;
			children = (
				B3467A62246D583800C03E8A /* Sources */,
				B3467A63246D584700C03E8A /* Resources */,
				B3467A3A246D337500C03E8A /* Info.plist */,
				B3467A3B246D337500C03E8A /* General_Store.entitlements */,
			);
			path = "General Store";
			sourceTree = "<group>";
		};
		B3467A43246D337500C03E8A /* General StoreTests */ = {
			isa = PBXGroup;
			children = (
				B3467A44246D337500C03E8A /* General_StoreTests.swift */,
				B3467A46246D337500C03E8A /* Info.plist */,
			);
			path = "General StoreTests";
			sourceTree = "<group>";
		};
		B3467A51246D435200C03E8A /* Extensions */ = {
			isa = PBXGroup;
			children = (
				B3467A56246D48BB00C03E8A /* ObserverConvertible.swift */,
				B3467A58246D4BBC00C03E8A /* ObservableTypeExtension.swift */,
				B3467A52246D439000C03E8A /* CommandTask+Rx.swift */,
			);
			path = Extensions;
			sourceTree = "<group>";
		};
		B3467A60246D580E00C03E8A /* Views */ = {
			isa = PBXGroup;
			children = (
				B3467A33246D337200C03E8A /* BrewCaskListViewController.swift */,
				B3467A5A246D53F700C03E8A /* BrewCaskItem.swift */,
				B3467A5B246D53F700C03E8A /* BrewCaskItem.xib */,
			);
			path = Views;
			sourceTree = "<group>";
		};
		B3467A61246D581500C03E8A /* ViewModels */ = {
			isa = PBXGroup;
			children = (
				B3467A54246D47AD00C03E8A /* BrewCaskListViewModel.swift */,
				B3467A5E246D542300C03E8A /* BrewCaskItemModel.swift */,
			);
			path = ViewModels;
			sourceTree = "<group>";
		};
		B3467A62246D583800C03E8A /* Sources */ = {
			isa = PBXGroup;
			children = (
				B327DEDC246F854000F029B9 /* InApp Frameworks */,
				B3467A61246D581500C03E8A /* ViewModels */,
				B3467A60246D580E00C03E8A /* Views */,
				B3467A51246D435200C03E8A /* Extensions */,
				B3467A31246D337200C03E8A /* AppDelegate.swift */,
				B3467A4F246D421000C03E8A /* CommandTask.swift */,
			);
			path = Sources;
			sourceTree = "<group>";
		};
		B3467A63246D584700C03E8A /* Resources */ = {
			isa = PBXGroup;
			children = (
				B3467A37246D337500C03E8A /* Main.storyboard */,
				B3467A35246D337500C03E8A /* Assets.xcassets */,
			);
			path = Resources;
			sourceTree = "<group>";
		};
/* End PBXGroup section */

/* Begin PBXNativeTarget section */
		B3467A2D246D337200C03E8A /* General Store */ = {
			isa = PBXNativeTarget;
			buildConfigurationList = B3467A49246D337500C03E8A /* Build configuration list for PBXNativeTarget "General Store" */;
			buildPhases = (
				D9A0C3863A1D3F20AE07931F /* [CP] Check Pods Manifest.lock */,
				B3467A2A246D337200C03E8A /* Sources */,
				B3467A2B246D337200C03E8A /* Frameworks */,
				B3467A2C246D337200C03E8A /* Resources */,
				A6914A77FDC2DE566BE4EA33 /* [CP] Embed Pods Frameworks */,
			);
			buildRules = (
			);
			dependencies = (
			);
			name = "General Store";
			productName = "General Store";
			productReference = B3467A2E246D337200C03E8A /* General Store.app */;
			productType = "com.apple.product-type.application";
		};
		B3467A3F246D337500C03E8A /* General StoreTests */ = {
			isa = PBXNativeTarget;
			buildConfigurationList = B3467A4C246D337500C03E8A /* Build configuration list for PBXNativeTarget "General StoreTests" */;
			buildPhases = (
				9EE257BC8FA3F345381DF766 /* [CP] Check Pods Manifest.lock */,
				B3467A3C246D337500C03E8A /* Sources */,
				B3467A3D246D337500C03E8A /* Frameworks */,
				B3467A3E246D337500C03E8A /* Resources */,
			);
			buildRules = (
			);
			dependencies = (
				B3467A42246D337500C03E8A /* PBXTargetDependency */,
			);
			name = "General StoreTests";
			productName = "General StoreTests";
			productReference = B3467A40246D337500C03E8A /* General StoreTests.xctest */;
			productType = "com.apple.product-type.bundle.unit-test";
		};
/* End PBXNativeTarget section */

/* Begin PBXProject section */
		B3467A26246D337200C03E8A /* Project object */ = {
			isa = PBXProject;
			attributes = {
				LastSwiftUpdateCheck = 1140;
				LastUpgradeCheck = 1140;
				ORGANIZATIONNAME = ZYXW;
				TargetAttributes = {
					B3467A2D246D337200C03E8A = {
						CreatedOnToolsVersion = 11.4.1;
					};
					B3467A3F246D337500C03E8A = {
						CreatedOnToolsVersion = 11.4.1;
						TestTargetID = B3467A2D246D337200C03E8A;
					};
				};
			};
			buildConfigurationList = B3467A29246D337200C03E8A /* Build configuration list for PBXProject "General Store" */;
			compatibilityVersion = "Xcode 9.3";
			developmentRegion = en;
			hasScannedForEncodings = 0;
			knownRegions = (
				en,
				Base,
			);
			mainGroup = B3467A25246D337200C03E8A;
			productRefGroup = B3467A2F246D337200C03E8A /* Products */;
			projectDirPath = "";
			projectRoot = "";
			targets = (
				B3467A2D246D337200C03E8A /* General Store */,
				B3467A3F246D337500C03E8A /* General StoreTests */,
			);
		};
/* End PBXProject section */

/* Begin PBXResourcesBuildPhase section */
		B3467A2C246D337200C03E8A /* Resources */ = {
			isa = PBXResourcesBuildPhase;
			buildActionMask = 2147483647;
			files = (
				B3467A36246D337500C03E8A /* Assets.xcassets in Resources */,
				B3467A39246D337500C03E8A /* Main.storyboard in Resources */,
				B3467A5D246D53F700C03E8A /* BrewCaskItem.xib in Resources */,
			);
			runOnlyForDeploymentPostprocessing = 0;
		};
		B3467A3E246D337500C03E8A /* Resources */ = {
			isa = PBXResourcesBuildPhase;
			buildActionMask = 2147483647;
			files = (
			);
			runOnlyForDeploymentPostprocessing = 0;
		};
/* End PBXResourcesBuildPhase section */

/* Begin PBXShellScriptBuildPhase section */
		9EE257BC8FA3F345381DF766 /* [CP] Check Pods Manifest.lock */ = {
			isa = PBXShellScriptBuildPhase;
			buildActionMask = 2147483647;
			files = (
			);
			inputFileListPaths = (
			);
			inputPaths = (
				"${PODS_PODFILE_DIR_PATH}/Podfile.lock",
				"${PODS_ROOT}/Manifest.lock",
			);
			name = "[CP] Check Pods Manifest.lock";
			outputFileListPaths = (
			);
			outputPaths = (
				"$(DERIVED_FILE_DIR)/Pods-General StoreTests-checkManifestLockResult.txt",
			);
			runOnlyForDeploymentPostprocessing = 0;
			shellPath = /bin/sh;
			shellScript = "diff \"${PODS_PODFILE_DIR_PATH}/Podfile.lock\" \"${PODS_ROOT}/Manifest.lock\" > /dev/null\nif [ $? != 0 ] ; then\n    # print error to STDERR\n    echo \"error: The sandbox is not in sync with the Podfile.lock. Run 'pod install' or update your CocoaPods installation.\" >&2\n    exit 1\nfi\n# This output is used by Xcode 'outputs' to avoid re-running this script phase.\necho \"SUCCESS\" > \"${SCRIPT_OUTPUT_FILE_0}\"\n";
			showEnvVarsInLog = 0;
		};
		A6914A77FDC2DE566BE4EA33 /* [CP] Embed Pods Frameworks */ = {
			isa = PBXShellScriptBuildPhase;
			buildActionMask = 2147483647;
			files = (
			);
			inputFileListPaths = (
				"${PODS_ROOT}/Target Support Files/Pods-General Store/Pods-General Store-frameworks-${CONFIGURATION}-input-files.xcfilelist",
			);
			name = "[CP] Embed Pods Frameworks";
			outputFileListPaths = (
				"${PODS_ROOT}/Target Support Files/Pods-General Store/Pods-General Store-frameworks-${CONFIGURATION}-output-files.xcfilelist",
			);
			runOnlyForDeploymentPostprocessing = 0;
			shellPath = /bin/sh;
			shellScript = "\"${PODS_ROOT}/Target Support Files/Pods-General Store/Pods-General Store-frameworks.sh\"\n";
			showEnvVarsInLog = 0;
		};
		D9A0C3863A1D3F20AE07931F /* [CP] Check Pods Manifest.lock */ = {
			isa = PBXShellScriptBuildPhase;
			buildActionMask = 2147483647;
			files = (
			);
			inputFileListPaths = (
			);
			inputPaths = (
				"${PODS_PODFILE_DIR_PATH}/Podfile.lock",
				"${PODS_ROOT}/Manifest.lock",
			);
			name = "[CP] Check Pods Manifest.lock";
			outputFileListPaths = (
			);
			outputPaths = (
				"$(DERIVED_FILE_DIR)/Pods-General Store-checkManifestLockResult.txt",
			);
			runOnlyForDeploymentPostprocessing = 0;
			shellPath = /bin/sh;
			shellScript = "diff \"${PODS_PODFILE_DIR_PATH}/Podfile.lock\" \"${PODS_ROOT}/Manifest.lock\" > /dev/null\nif [ $? != 0 ] ; then\n    # print error to STDERR\n    echo \"error: The sandbox is not in sync with the Podfile.lock. Run 'pod install' or update your CocoaPods installation.\" >&2\n    exit 1\nfi\n# This output is used by Xcode 'outputs' to avoid re-running this script phase.\necho \"SUCCESS\" > \"${SCRIPT_OUTPUT_FILE_0}\"\n";
			showEnvVarsInLog = 0;
		};
/* End PBXShellScriptBuildPhase section */

/* Begin PBXSourcesBuildPhase section */
		B3467A2A246D337200C03E8A /* Sources */ = {
			isa = PBXSourcesBuildPhase;
			buildActionMask = 2147483647;
			files = (
				B327DED3246F831700F029B9 /* CollectionViewCellWithDelegateFactory.swift in Sources */,
				B327DED6246F831700F029B9 /* CollectionViewCellFactoryBinder.swift in Sources */,
				B3467A5F246D542300C03E8A /* BrewCaskItemModel.swift in Sources */,
				B327DEC5246F788500F029B9 /* NSCollectionView+Reusable.swift in Sources */,
				B327DE95246EAE8700F029B9 /* RxCollectionViewDataSourceType.swift in Sources */,
				B3467A55246D47AD00C03E8A /* BrewCaskListViewModel.swift in Sources */,
				B327DEDB246F831700F029B9 /* NSCollectionView+Items.swift in Sources */,
				B327DED7246F831700F029B9 /* Configurable.swift in Sources */,
				B3467A50246D421000C03E8A /* CommandTask.swift in Sources */,
				B327DE9B246EB4A500F029B9 /* DelegateProxyType.swift in Sources */,
				B3467A34246D337200C03E8A /* BrewCaskListViewController.swift in Sources */,
				B3467A53246D439000C03E8A /* CommandTask+Rx.swift in Sources */,
				B327DE99246EB24100F029B9 /* RxCollectionViewDataSourceProxy.swift in Sources */,
				B327DEC6246F788500F029B9 /* NibLoadable.swift in Sources */,
				B3467A32246D337200C03E8A /* AppDelegate.swift in Sources */,
				B327DEC4246F788500F029B9 /* NibOwnerLoadable.swift in Sources */,
				B327DEC7246F788500F029B9 /* Reusable.swift in Sources */,
				B327DE93246EAA7200F029B9 /* RxCollectionViewReactiveArrayDataSource.swift in Sources */,
				B327DEBE246F778900F029B9 /* StoryboardBased.swift in Sources */,
				B3467A5C246D53F700C03E8A /* BrewCaskItem.swift in Sources */,
				B327DE97246EB03300F029B9 /* RxCocoa.swift in Sources */,
				B327DE91246EA9A700F029B9 /* NSCollectionView+Rx.swift in Sources */,
				B327DEDA246F831700F029B9 /* HasDelegate.swift in Sources */,
				B327DED4246F831700F029B9 /* Binding.swift in Sources */,
				B327DED9246F831700F029B9 /* Binder.swift in Sources */,
				B327DED5246F831700F029B9 /* CollectionViewCellsBinder.swift in Sources */,
				B3467A57246D48BB00C03E8A /* ObserverConvertible.swift in Sources */,
				B327DED8246F831700F029B9 /* CollectionViewCellFactory.swift in Sources */,
				B3467A59246D4BBC00C03E8A /* ObservableTypeExtension.swift in Sources */,
				B327DEBD246F778900F029B9 /* StoryboardSceneBased.swift in Sources */,
			);
			runOnlyForDeploymentPostprocessing = 0;
		};
		B3467A3C246D337500C03E8A /* Sources */ = {
			isa = PBXSourcesBuildPhase;
			buildActionMask = 2147483647;
			files = (
				B3467A45246D337500C03E8A /* General_StoreTests.swift in Sources */,
			);
			runOnlyForDeploymentPostprocessing = 0;
		};
/* End PBXSourcesBuildPhase section */

/* Begin PBXTargetDependency section */
		B3467A42246D337500C03E8A /* PBXTargetDependency */ = {
			isa = PBXTargetDependency;
			target = B3467A2D246D337200C03E8A /* General Store */;
			targetProxy = B3467A41246D337500C03E8A /* PBXContainerItemProxy */;
		};
/* End PBXTargetDependency section */

/* Begin PBXVariantGroup section */
		B3467A37246D337500C03E8A /* Main.storyboard */ = {
			isa = PBXVariantGroup;
			children = (
				B3467A38246D337500C03E8A /* Base */,
			);
			name = Main.storyboard;
			sourceTree = "<group>";
		};
/* End PBXVariantGroup section */

/* Begin XCBuildConfiguration section */
		B3467A47246D337500C03E8A /* Debug */ = {
			isa = XCBuildConfiguration;
			buildSettings = {
				ALWAYS_SEARCH_USER_PATHS = NO;
				CLANG_ANALYZER_NONNULL = YES;
				CLANG_ANALYZER_NUMBER_OBJECT_CONVERSION = YES_AGGRESSIVE;
				CLANG_CXX_LANGUAGE_STANDARD = "gnu++14";
				CLANG_CXX_LIBRARY = "libc++";
				CLANG_ENABLE_MODULES = YES;
				CLANG_ENABLE_OBJC_ARC = YES;
				CLANG_ENABLE_OBJC_WEAK = YES;
				CLANG_WARN_BLOCK_CAPTURE_AUTORELEASING = YES;
				CLANG_WARN_BOOL_CONVERSION = YES;
				CLANG_WARN_COMMA = YES;
				CLANG_WARN_CONSTANT_CONVERSION = YES;
				CLANG_WARN_DEPRECATED_OBJC_IMPLEMENTATIONS = YES;
				CLANG_WARN_DIRECT_OBJC_ISA_USAGE = YES_ERROR;
				CLANG_WARN_DOCUMENTATION_COMMENTS = YES;
				CLANG_WARN_EMPTY_BODY = YES;
				CLANG_WARN_ENUM_CONVERSION = YES;
				CLANG_WARN_INFINITE_RECURSION = YES;
				CLANG_WARN_INT_CONVERSION = YES;
				CLANG_WARN_NON_LITERAL_NULL_CONVERSION = YES;
				CLANG_WARN_OBJC_IMPLICIT_RETAIN_SELF = YES;
				CLANG_WARN_OBJC_LITERAL_CONVERSION = YES;
				CLANG_WARN_OBJC_ROOT_CLASS = YES_ERROR;
				CLANG_WARN_RANGE_LOOP_ANALYSIS = YES;
				CLANG_WARN_STRICT_PROTOTYPES = YES;
				CLANG_WARN_SUSPICIOUS_MOVE = YES;
				CLANG_WARN_UNGUARDED_AVAILABILITY = YES_AGGRESSIVE;
				CLANG_WARN_UNREACHABLE_CODE = YES;
				CLANG_WARN__DUPLICATE_METHOD_MATCH = YES;
				COPY_PHASE_STRIP = NO;
				DEBUG_INFORMATION_FORMAT = dwarf;
				ENABLE_STRICT_OBJC_MSGSEND = YES;
				ENABLE_TESTABILITY = YES;
				GCC_C_LANGUAGE_STANDARD = gnu11;
				GCC_DYNAMIC_NO_PIC = NO;
				GCC_NO_COMMON_BLOCKS = YES;
				GCC_OPTIMIZATION_LEVEL = 0;
				GCC_PREPROCESSOR_DEFINITIONS = (
					"DEBUG=1",
					"$(inherited)",
				);
				GCC_WARN_64_TO_32_BIT_CONVERSION = YES;
				GCC_WARN_ABOUT_RETURN_TYPE = YES_ERROR;
				GCC_WARN_UNDECLARED_SELECTOR = YES;
				GCC_WARN_UNINITIALIZED_AUTOS = YES_AGGRESSIVE;
				GCC_WARN_UNUSED_FUNCTION = YES;
				GCC_WARN_UNUSED_VARIABLE = YES;
				MACOSX_DEPLOYMENT_TARGET = 10.15;
				MTL_ENABLE_DEBUG_INFO = INCLUDE_SOURCE;
				MTL_FAST_MATH = YES;
				ONLY_ACTIVE_ARCH = YES;
				SDKROOT = macosx;
				SWIFT_ACTIVE_COMPILATION_CONDITIONS = DEBUG;
				SWIFT_OPTIMIZATION_LEVEL = "-Onone";
			};
			name = Debug;
		};
		B3467A48246D337500C03E8A /* Release */ = {
			isa = XCBuildConfiguration;
			buildSettings = {
				ALWAYS_SEARCH_USER_PATHS = NO;
				CLANG_ANALYZER_NONNULL = YES;
				CLANG_ANALYZER_NUMBER_OBJECT_CONVERSION = YES_AGGRESSIVE;
				CLANG_CXX_LANGUAGE_STANDARD = "gnu++14";
				CLANG_CXX_LIBRARY = "libc++";
				CLANG_ENABLE_MODULES = YES;
				CLANG_ENABLE_OBJC_ARC = YES;
				CLANG_ENABLE_OBJC_WEAK = YES;
				CLANG_WARN_BLOCK_CAPTURE_AUTORELEASING = YES;
				CLANG_WARN_BOOL_CONVERSION = YES;
				CLANG_WARN_COMMA = YES;
				CLANG_WARN_CONSTANT_CONVERSION = YES;
				CLANG_WARN_DEPRECATED_OBJC_IMPLEMENTATIONS = YES;
				CLANG_WARN_DIRECT_OBJC_ISA_USAGE = YES_ERROR;
				CLANG_WARN_DOCUMENTATION_COMMENTS = YES;
				CLANG_WARN_EMPTY_BODY = YES;
				CLANG_WARN_ENUM_CONVERSION = YES;
				CLANG_WARN_INFINITE_RECURSION = YES;
				CLANG_WARN_INT_CONVERSION = YES;
				CLANG_WARN_NON_LITERAL_NULL_CONVERSION = YES;
				CLANG_WARN_OBJC_IMPLICIT_RETAIN_SELF = YES;
				CLANG_WARN_OBJC_LITERAL_CONVERSION = YES;
				CLANG_WARN_OBJC_ROOT_CLASS = YES_ERROR;
				CLANG_WARN_RANGE_LOOP_ANALYSIS = YES;
				CLANG_WARN_STRICT_PROTOTYPES = YES;
				CLANG_WARN_SUSPICIOUS_MOVE = YES;
				CLANG_WARN_UNGUARDED_AVAILABILITY = YES_AGGRESSIVE;
				CLANG_WARN_UNREACHABLE_CODE = YES;
				CLANG_WARN__DUPLICATE_METHOD_MATCH = YES;
				COPY_PHASE_STRIP = NO;
				DEBUG_INFORMATION_FORMAT = "dwarf-with-dsym";
				ENABLE_NS_ASSERTIONS = NO;
				ENABLE_STRICT_OBJC_MSGSEND = YES;
				GCC_C_LANGUAGE_STANDARD = gnu11;
				GCC_NO_COMMON_BLOCKS = YES;
				GCC_WARN_64_TO_32_BIT_CONVERSION = YES;
				GCC_WARN_ABOUT_RETURN_TYPE = YES_ERROR;
				GCC_WARN_UNDECLARED_SELECTOR = YES;
				GCC_WARN_UNINITIALIZED_AUTOS = YES_AGGRESSIVE;
				GCC_WARN_UNUSED_FUNCTION = YES;
				GCC_WARN_UNUSED_VARIABLE = YES;
				MACOSX_DEPLOYMENT_TARGET = 10.15;
				MTL_ENABLE_DEBUG_INFO = NO;
				MTL_FAST_MATH = YES;
				SDKROOT = macosx;
				SWIFT_COMPILATION_MODE = wholemodule;
				SWIFT_OPTIMIZATION_LEVEL = "-O";
			};
			name = Release;
		};
		B3467A4A246D337500C03E8A /* Debug */ = {
			isa = XCBuildConfiguration;
			baseConfigurationReference = C34D95A76C20C691A9254F00 /* Pods-General Store.debug.xcconfig */;
			buildSettings = {
				ASSETCATALOG_COMPILER_APPICON_NAME = AppIcon;
				CODE_SIGN_ENTITLEMENTS = "General Store/General_Store.entitlements";
				CODE_SIGN_STYLE = Automatic;
				COMBINE_HIDPI_IMAGES = YES;
				DEVELOPMENT_TEAM = DD4ZUKAH26;
				ENABLE_HARDENED_RUNTIME = YES;
				INFOPLIST_FILE = "General Store/Info.plist";
				LD_RUNPATH_SEARCH_PATHS = (
					"$(inherited)",
					"@executable_path/../Frameworks",
				);
				PRODUCT_BUNDLE_IDENTIFIER = "com.zyxw.General-Store";
				PRODUCT_NAME = "$(TARGET_NAME)";
				SWIFT_VERSION = 5.0;
			};
			name = Debug;
		};
		B3467A4B246D337500C03E8A /* Release */ = {
			isa = XCBuildConfiguration;
			baseConfigurationReference = 288D5C28CF8D2916B1FE68CC /* Pods-General Store.release.xcconfig */;
			buildSettings = {
				ASSETCATALOG_COMPILER_APPICON_NAME = AppIcon;
				CODE_SIGN_ENTITLEMENTS = "General Store/General_Store.entitlements";
				CODE_SIGN_STYLE = Automatic;
				COMBINE_HIDPI_IMAGES = YES;
				DEVELOPMENT_TEAM = DD4ZUKAH26;
				ENABLE_HARDENED_RUNTIME = YES;
				INFOPLIST_FILE = "General Store/Info.plist";
				LD_RUNPATH_SEARCH_PATHS = (
					"$(inherited)",
					"@executable_path/../Frameworks",
				);
				PRODUCT_BUNDLE_IDENTIFIER = "com.zyxw.General-Store";
				PRODUCT_NAME = "$(TARGET_NAME)";
				SWIFT_VERSION = 5.0;
			};
			name = Release;
		};
		B3467A4D246D337500C03E8A /* Debug */ = {
			isa = XCBuildConfiguration;
			baseConfigurationReference = 7BBBD4944049F0A2D6FDCE9C /* Pods-General StoreTests.debug.xcconfig */;
			buildSettings = {
				ALWAYS_EMBED_SWIFT_STANDARD_LIBRARIES = YES;
				BUNDLE_LOADER = "$(TEST_HOST)";
				CODE_SIGN_STYLE = Automatic;
				COMBINE_HIDPI_IMAGES = YES;
				DEVELOPMENT_TEAM = DD4ZUKAH26;
				INFOPLIST_FILE = "General StoreTests/Info.plist";
				LD_RUNPATH_SEARCH_PATHS = (
					"$(inherited)",
					"@executable_path/../Frameworks",
					"@loader_path/../Frameworks",
				);
				MACOSX_DEPLOYMENT_TARGET = 10.15;
				PRODUCT_BUNDLE_IDENTIFIER = "com.zyxw.General-StoreTests";
				PRODUCT_NAME = "$(TARGET_NAME)";
				SWIFT_VERSION = 5.0;
				TEST_HOST = "$(BUILT_PRODUCTS_DIR)/General Store.app/Contents/MacOS/General Store";
			};
			name = Debug;
		};
		B3467A4E246D337500C03E8A /* Release */ = {
			isa = XCBuildConfiguration;
			baseConfigurationReference = 9F93A2CFEB66613324C23D6F /* Pods-General StoreTests.release.xcconfig */;
			buildSettings = {
				ALWAYS_EMBED_SWIFT_STANDARD_LIBRARIES = YES;
				BUNDLE_LOADER = "$(TEST_HOST)";
				CODE_SIGN_STYLE = Automatic;
				COMBINE_HIDPI_IMAGES = YES;
				DEVELOPMENT_TEAM = DD4ZUKAH26;
				INFOPLIST_FILE = "General StoreTests/Info.plist";
				LD_RUNPATH_SEARCH_PATHS = (
					"$(inherited)",
					"@executable_path/../Frameworks",
					"@loader_path/../Frameworks",
				);
				MACOSX_DEPLOYMENT_TARGET = 10.15;
				PRODUCT_BUNDLE_IDENTIFIER = "com.zyxw.General-StoreTests";
				PRODUCT_NAME = "$(TARGET_NAME)";
				SWIFT_VERSION = 5.0;
				TEST_HOST = "$(BUILT_PRODUCTS_DIR)/General Store.app/Contents/MacOS/General Store";
			};
			name = Release;
		};
/* End XCBuildConfiguration section */

/* Begin XCConfigurationList section */
		B3467A29246D337200C03E8A /* Build configuration list for PBXProject "General Store" */ = {
			isa = XCConfigurationList;
			buildConfigurations = (
				B3467A47246D337500C03E8A /* Debug */,
				B3467A48246D337500C03E8A /* Release */,
			);
			defaultConfigurationIsVisible = 0;
			defaultConfigurationName = Release;
		};
		B3467A49246D337500C03E8A /* Build configuration list for PBXNativeTarget "General Store" */ = {
			isa = XCConfigurationList;
			buildConfigurations = (
				B3467A4A246D337500C03E8A /* Debug */,
				B3467A4B246D337500C03E8A /* Release */,
			);
			defaultConfigurationIsVisible = 0;
			defaultConfigurationName = Release;
		};
		B3467A4C246D337500C03E8A /* Build configuration list for PBXNativeTarget "General StoreTests" */ = {
			isa = XCConfigurationList;
			buildConfigurations = (
				B3467A4D246D337500C03E8A /* Debug */,
				B3467A4E246D337500C03E8A /* Release */,
			);
			defaultConfigurationIsVisible = 0;
			defaultConfigurationName = Release;
		};
/* End XCConfigurationList section */
	};
	rootObject = B3467A26246D337200C03E8A /* Project object */;
}
